
Microsoft Visual Studio Solution File, Format Version 12.00
# Visual Studio 15
VisualStudioVersion = 15.0.28010.2046
MinimumVisualStudioVersion = 10.0.40219.1
Project("{262852C6-CD72-467D-83FE-5EEB1973A190}") = "PDMII_NavegacaoSPA", "PDMII_NavegacaoSPA\PDMII_NavegacaoSPA.jsproj", "{8F927330-BEA8-42FC-B744-E6DD1926BBED}"
EndProject
Global
	GlobalSection(SolutionConfigurationPlatforms) = preSolution
		Debug|Android = Debug|Android
		Debug|iOS = Debug|iOS
		Debug|Windows-ARM = Debug|Windows-ARM
		Debug|Windows-x64 = Debug|Windows-x64
		Debug|Windows-x86 = Debug|Windows-x86
		Release|Android = Release|Android
		Release|iOS = Release|iOS
		Release|Windows-ARM = Release|Windows-ARM
		Release|Windows-x64 = Release|Windows-x64
		Release|Windows-x86 = Release|Windows-x86
	EndGlobalSection
	GlobalSection(ProjectConfigurationPlatforms) = postSolution
		{8F927330-BEA8-42FC-B744-E6DD1926BBED}.Debug|Android.ActiveCfg = Debug|Android
		{8F927330-BEA8-42FC-B744-E6DD1926BBED}.Debug|Android.Build.0 = Debug|Android
		{8F927330-BEA8-42FC-B744-E6DD1926BBED}.Debug|Android.Deploy.0 = Debug|Android
		{8F927330-BEA8-42FC-B744-E6DD1926BBED}.Debug|iOS.ActiveCfg = Debug|iOS
		{8F927330-BEA8-42FC-B744-E6DD1926BBED}.Debug|iOS.Build.0 = Debug|iOS
		{8F927330-BEA8-42FC-B744-E6DD1926BBED}.Debug|iOS.Deploy.0 = Debug|iOS
		{8F927330-BEA8-42FC-B744-E6DD1926BBED}.Debug|Windows-ARM.ActiveCfg = Debug|Windows-ARM
		{8F927330-BEA8-42FC-B744-E6DD1926BBED}.Debug|Windows-ARM.Build.0 = Debug|Windows-ARM
		{8F927330-BEA8-42FC-B744-E6DD1926BBED}.Debug|Windows-ARM.Deploy.0 = Debug|Windows-ARM
		{8F927330-BEA8-42FC-B744-E6DD1926BBED}.Debug|Windows-x64.ActiveCfg = Debug|Windows-x64
		{8F927330-BEA8-42FC-B744-E6DD1926BBED}.Debug|Windows-x64.Build.0 = Debug|Windows-x64
		{8F927330-BEA8-42FC-B744-E6DD1926BBED}.Debug|Windows-x64.Deploy.0 = Debug|Windows-x64
		{8F927330-BEA8-42FC-B744-E6DD1926BBED}.Debug|Windows-x86.ActiveCfg = Debug|Windows-x86
		{8F927330-BEA8-42FC-B744-E6DD1926BBED}.Debug|Windows-x86.Build.0 = Debug|Windows-x86
		{8F927330-BEA8-42FC-B744-E6DD1926BBED}.Debug|Windows-x86.Deploy.0 = Debug|Windows-x86
		{8F927330-BEA8-42FC-B744-E6DD1926BBED}.Release|Android.ActiveCfg = Release|Android
		{8F927330-BEA8-42FC-B744-E6DD1926BBED}.Release|Android.Build.0 = Release|Android
		{8F927330-BEA8-42FC-B744-E6DD1926BBED}.Release|Android.Deploy.0 = Release|Android
		{8F927330-BEA8-42FC-B744-E6DD1926BBED}.Release|iOS.ActiveCfg = Release|iOS
		{8F927330-BEA8-42FC-B744-E6DD1926BBED}.Release|iOS.Build.0 = Release|iOS
		{8F927330-BEA8-42FC-B744-E6DD1926BBED}.Release|iOS.Deploy.0 = Release|iOS
		{8F927330-BEA8-42FC-B744-E6DD1926BBED}.Release|Windows-ARM.ActiveCfg = Release|Windows-ARM
		{8F927330-BEA8-42FC-B744-E6DD1926BBED}.Release|Windows-ARM.Build.0 = Release|Windows-ARM
		{8F927330-BEA8-42FC-B744-E6DD1926BBED}.Release|Windows-ARM.Deploy.0 = Release|Windows-ARM
		{8F927330-BEA8-42FC-B744-E6DD1926BBED}.Release|Windows-x64.ActiveCfg = Release|Windows-x64
		{8F927330-BEA8-42FC-B744-E6DD1926BBED}.Release|Windows-x64.Build.0 = Release|Windows-x64
		{8F927330-BEA8-42FC-B744-E6DD1926BBED}.Release|Windows-x64.Deploy.0 = Release|Windows-x64
		{8F927330-BEA8-42FC-B744-E6DD1926BBED}.Release|Windows-x86.ActiveCfg = Release|Windows-x86
		{8F927330-BEA8-42FC-B744-E6DD1926BBED}.Release|Windows-x86.Build.0 = Release|Windows-x86
		{8F927330-BEA8-42FC-B744-E6DD1926BBED}.Release|Windows-x86.Deploy.0 = Release|Windows-x86
	EndGlobalSection
	GlobalSection(SolutionProperties) = preSolution
		HideSolutionNode = FALSE
	EndGlobalSection
	GlobalSection(ExtensibilityGlobals) = postSolution
		SolutionGuid = {EA4C9BF5-CDE1-4F67-A10A-D427603B6CDC}
	EndGlobalSection
EndGlobal
