
Microsoft Visual Studio Solution File, Format Version 12.00
# Visual Studio 15
VisualStudioVersion = 15.0.28010.2050
MinimumVisualStudioVersion = 10.0.40219.1
Project("{262852C6-CD72-467D-83FE-5EEB1973A190}") = "PDMII_Camera", "PDMII_Camera\PDMII_Camera.jsproj", "{4E910A00-C334-4AFF-9A3D-ECD77BD12269}"
EndProject
Global
	GlobalSection(SolutionConfigurationPlatforms) = preSolution
		Debug|Android = Debug|Android
		Debug|iOS = Debug|iOS
		Debug|Windows-ARM = Debug|Windows-ARM
		Debug|Windows-x64 = Debug|Windows-x64
		Debug|Windows-x86 = Debug|Windows-x86
		Release|Android = Release|Android
		Release|iOS = Release|iOS
		Release|Windows-ARM = Release|Windows-ARM
		Release|Windows-x64 = Release|Windows-x64
		Release|Windows-x86 = Release|Windows-x86
	EndGlobalSection
	GlobalSection(ProjectConfigurationPlatforms) = postSolution
		{4E910A00-C334-4AFF-9A3D-ECD77BD12269}.Debug|Android.ActiveCfg = Debug|Android
		{4E910A00-C334-4AFF-9A3D-ECD77BD12269}.Debug|Android.Build.0 = Debug|Android
		{4E910A00-C334-4AFF-9A3D-ECD77BD12269}.Debug|Android.Deploy.0 = Debug|Android
		{4E910A00-C334-4AFF-9A3D-ECD77BD12269}.Debug|iOS.ActiveCfg = Debug|iOS
		{4E910A00-C334-4AFF-9A3D-ECD77BD12269}.Debug|iOS.Build.0 = Debug|iOS
		{4E910A00-C334-4AFF-9A3D-ECD77BD12269}.Debug|iOS.Deploy.0 = Debug|iOS
		{4E910A00-C334-4AFF-9A3D-ECD77BD12269}.Debug|Windows-ARM.ActiveCfg = Debug|Windows-ARM
		{4E910A00-C334-4AFF-9A3D-ECD77BD12269}.Debug|Windows-ARM.Build.0 = Debug|Windows-ARM
		{4E910A00-C334-4AFF-9A3D-ECD77BD12269}.Debug|Windows-ARM.Deploy.0 = Debug|Windows-ARM
		{4E910A00-C334-4AFF-9A3D-ECD77BD12269}.Debug|Windows-x64.ActiveCfg = Debug|Windows-x64
		{4E910A00-C334-4AFF-9A3D-ECD77BD12269}.Debug|Windows-x64.Build.0 = Debug|Windows-x64
		{4E910A00-C334-4AFF-9A3D-ECD77BD12269}.Debug|Windows-x64.Deploy.0 = Debug|Windows-x64
		{4E910A00-C334-4AFF-9A3D-ECD77BD12269}.Debug|Windows-x86.ActiveCfg = Debug|Windows-x86
		{4E910A00-C334-4AFF-9A3D-ECD77BD12269}.Debug|Windows-x86.Build.0 = Debug|Windows-x86
		{4E910A00-C334-4AFF-9A3D-ECD77BD12269}.Debug|Windows-x86.Deploy.0 = Debug|Windows-x86
		{4E910A00-C334-4AFF-9A3D-ECD77BD12269}.Release|Android.ActiveCfg = Release|Android
		{4E910A00-C334-4AFF-9A3D-ECD77BD12269}.Release|Android.Build.0 = Release|Android
		{4E910A00-C334-4AFF-9A3D-ECD77BD12269}.Release|Android.Deploy.0 = Release|Android
		{4E910A00-C334-4AFF-9A3D-ECD77BD12269}.Release|iOS.ActiveCfg = Release|iOS
		{4E910A00-C334-4AFF-9A3D-ECD77BD12269}.Release|iOS.Build.0 = Release|iOS
		{4E910A00-C334-4AFF-9A3D-ECD77BD12269}.Release|iOS.Deploy.0 = Release|iOS
		{4E910A00-C334-4AFF-9A3D-ECD77BD12269}.Release|Windows-ARM.ActiveCfg = Release|Windows-ARM
		{4E910A00-C334-4AFF-9A3D-ECD77BD12269}.Release|Windows-ARM.Build.0 = Release|Windows-ARM
		{4E910A00-C334-4AFF-9A3D-ECD77BD12269}.Release|Windows-ARM.Deploy.0 = Release|Windows-ARM
		{4E910A00-C334-4AFF-9A3D-ECD77BD12269}.Release|Windows-x64.ActiveCfg = Release|Windows-x64
		{4E910A00-C334-4AFF-9A3D-ECD77BD12269}.Release|Windows-x64.Build.0 = Release|Windows-x64
		{4E910A00-C334-4AFF-9A3D-ECD77BD12269}.Release|Windows-x64.Deploy.0 = Release|Windows-x64
		{4E910A00-C334-4AFF-9A3D-ECD77BD12269}.Release|Windows-x86.ActiveCfg = Release|Windows-x86
		{4E910A00-C334-4AFF-9A3D-ECD77BD12269}.Release|Windows-x86.Build.0 = Release|Windows-x86
		{4E910A00-C334-4AFF-9A3D-ECD77BD12269}.Release|Windows-x86.Deploy.0 = Release|Windows-x86
	EndGlobalSection
	GlobalSection(SolutionProperties) = preSolution
		HideSolutionNode = FALSE
	EndGlobalSection
	GlobalSection(ExtensibilityGlobals) = postSolution
		SolutionGuid = {7C001901-10D5-4C42-9AD1-CC9CD4A04A41}
	EndGlobalSection
EndGlobal
